
Microsoft Visual Studio Solution File, Format Version 12.00
# Visual Studio 2013
VisualStudioVersion = 12.0.21005.1
MinimumVisualStudioVersion = 10.0.40219.1
Project("{2150E333-8FDC-42A3-9474-1A3956D46DE8}") = "01.Servicios", "01.Servicios", "{895577AA-0905-4DA5-AAD2-9164FDA897AB}"
EndProject
Project("{2150E333-8FDC-42A3-9474-1A3956D46DE8}") = "02.FrontEnd", "02.FrontEnd", "{9EEE9AF8-B83D-4C25-B648-8C23FC1E2CFB}"
EndProject
Project("{2150E333-8FDC-42A3-9474-1A3956D46DE8}") = "01.1.AccesoDatos", "01.1.AccesoDatos", "{3B0322FA-DD5D-4D80-B87A-39B73657ADC5}"
EndProject
Project("{2150E333-8FDC-42A3-9474-1A3956D46DE8}") = "01.2.LogicaNegocio", "01.2.LogicaNegocio", "{F3392B36-870A-41F3-AFFA-CF3B5495ADFA}"
EndProject
Project("{2150E333-8FDC-42A3-9474-1A3956D46DE8}") = "01.3.Entidad", "01.3.Entidad", "{8133F19B-6DEF-458C-92B1-409D5D98AFDB}"
EndProject
Project("{2150E333-8FDC-42A3-9474-1A3956D46DE8}") = "01.5.Host", "01.5.Host", "{3DE6F70C-68CC-4616-A20B-57BEAB5BB877}"
EndProject
Project("{FAE04EC0-301F-11D3-BF4B-00C04F79EFBC}") = "SAF.AccesoDatos", "SAF.AccesoDatos\SAF.AccesoDatos.csproj", "{E669336C-7B6C-4B3A-8536-CCB084068C9F}"
EndProject
Project("{2150E333-8FDC-42A3-9474-1A3956D46DE8}") = "01.4.Configuracion", "01.4.Configuracion", "{982D4EA0-BBFF-44C0-9C53-CB49CF0B87AB}"
EndProject
Project("{FAE04EC0-301F-11D3-BF4B-00C04F79EFBC}") = "SAF.Negocio.Contrato", "SAF.Negocio.Contrato\SAF.Negocio.Contrato.csproj", "{A82F25B3-FB9B-4298-BFC0-F9EB2EF02780}"
EndProject
Project("{FAE04EC0-301F-11D3-BF4B-00C04F79EFBC}") = "SAF.Negocio.Implementacion", "SAF.Negocio.Implementacion\SAF.Negocio.Implementacion.csproj", "{D01CF968-DE9C-41F3-911F-2EFA60A86522}"
EndProject
Project("{FAE04EC0-301F-11D3-BF4B-00C04F79EFBC}") = "SAF.Inteligencia.Contrato", "SAF.Inteligencia.Contrato\SAF.Inteligencia.Contrato.csproj", "{36BB1DDD-7C8F-4182-B02C-136BAA903546}"
EndProject
Project("{FAE04EC0-301F-11D3-BF4B-00C04F79EFBC}") = "SAF.Inteligencia.Implementacion", "SAF.Inteligencia.Implementacion\SAF.Inteligencia.Implementacion.csproj", "{10C2714B-2B17-498C-929C-C8B75B163BD6}"
EndProject
Project("{FAE04EC0-301F-11D3-BF4B-00C04F79EFBC}") = "SAF.Entidad", "SAF.Entidad\SAF.Entidad.csproj", "{3D87FFD1-4EA0-424F-98EF-91D40921B0AD}"
EndProject
Project("{FAE04EC0-301F-11D3-BF4B-00C04F79EFBC}") = "SAF.Configuracion", "SAF.Configuracion\SAF.Configuracion.csproj", "{6825F52D-8BDF-4965-9D78-23A8BC77A2C4}"
EndProject
Project("{2150E333-8FDC-42A3-9474-1A3956D46DE8}") = "02.1.Web", "02.1.Web", "{604A6828-6D09-4603-A61D-82D51896B6BE}"
EndProject
Project("{FAE04EC0-301F-11D3-BF4B-00C04F79EFBC}") = "SAF.Web", "SAF.Web\SAF.Web.csproj", "{2E58C467-9100-49D1-978C-B40B9877A055}"
	ProjectSection(ProjectDependencies) = postProject
		{DA0C3263-6E62-4182-AE4C-23E6DEAC637C} = {DA0C3263-6E62-4182-AE4C-23E6DEAC637C}
	EndProjectSection
EndProject
Project("{FAE04EC0-301F-11D3-BF4B-00C04F79EFBC}") = "SAF.DTO", "SAF.DTO\SAF.DTO.csproj", "{5285C5C1-0F85-4B16-BFF8-8B8CCF6EF649}"
EndProject
Project("{FAE04EC0-301F-11D3-BF4B-00C04F79EFBC}") = "SAF.Servicio.HostRest", "SAF.Servicio.HostRest\SAF.Servicio.HostRest.csproj", "{A104B15E-514C-4A3A-843F-3EBE30AE3104}"
EndProject
Project("{FAE04EC0-301F-11D3-BF4B-00C04F79EFBC}") = "SAF.Servicio.HostSoap", "SAF.Servicio.HostSoap\SAF.Servicio.HostSoap.csproj", "{DA0C3263-6E62-4182-AE4C-23E6DEAC637C}"
EndProject
Project("{2150E333-8FDC-42A3-9474-1A3956D46DE8}") = "01.6.AgenteServicios", "01.6.AgenteServicios", "{8E48EBDA-1E4F-4A53-937B-638CC308A056}"
EndProject
Project("{FAE04EC0-301F-11D3-BF4B-00C04F79EFBC}") = "SAF.AgenteServicios", "SAF.AgenteServicios\SAF.AgenteServicios.csproj", "{B741269F-8246-452B-929A-265C0A24211E}"
	ProjectSection(ProjectDependencies) = postProject
		{DA0C3263-6E62-4182-AE4C-23E6DEAC637C} = {DA0C3263-6E62-4182-AE4C-23E6DEAC637C}
	EndProjectSection
EndProject
Project("{FAE04EC0-301F-11D3-BF4B-00C04F79EFBC}") = "SAF.Web.Intranet", "SAF.Web.Intranet\SAF.Web.Intranet.csproj", "{6D180F23-8305-4CB5-B739-7A8E6B01B0DB}"
EndProject
Global
	GlobalSection(SolutionConfigurationPlatforms) = preSolution
		Debug|Any CPU = Debug|Any CPU
		Release|Any CPU = Release|Any CPU
	EndGlobalSection
	GlobalSection(ProjectConfigurationPlatforms) = postSolution
		{E669336C-7B6C-4B3A-8536-CCB084068C9F}.Debug|Any CPU.ActiveCfg = Debug|Any CPU
		{E669336C-7B6C-4B3A-8536-CCB084068C9F}.Debug|Any CPU.Build.0 = Debug|Any CPU
		{E669336C-7B6C-4B3A-8536-CCB084068C9F}.Release|Any CPU.ActiveCfg = Release|Any CPU
		{E669336C-7B6C-4B3A-8536-CCB084068C9F}.Release|Any CPU.Build.0 = Release|Any CPU
		{A82F25B3-FB9B-4298-BFC0-F9EB2EF02780}.Debug|Any CPU.ActiveCfg = Debug|Any CPU
		{A82F25B3-FB9B-4298-BFC0-F9EB2EF02780}.Debug|Any CPU.Build.0 = Debug|Any CPU
		{A82F25B3-FB9B-4298-BFC0-F9EB2EF02780}.Release|Any CPU.ActiveCfg = Release|Any CPU
		{A82F25B3-FB9B-4298-BFC0-F9EB2EF02780}.Release|Any CPU.Build.0 = Release|Any CPU
		{D01CF968-DE9C-41F3-911F-2EFA60A86522}.Debug|Any CPU.ActiveCfg = Debug|Any CPU
		{D01CF968-DE9C-41F3-911F-2EFA60A86522}.Debug|Any CPU.Build.0 = Debug|Any CPU
		{D01CF968-DE9C-41F3-911F-2EFA60A86522}.Release|Any CPU.ActiveCfg = Release|Any CPU
		{D01CF968-DE9C-41F3-911F-2EFA60A86522}.Release|Any CPU.Build.0 = Release|Any CPU
		{36BB1DDD-7C8F-4182-B02C-136BAA903546}.Debug|Any CPU.ActiveCfg = Debug|Any CPU
		{36BB1DDD-7C8F-4182-B02C-136BAA903546}.Debug|Any CPU.Build.0 = Debug|Any CPU
		{36BB1DDD-7C8F-4182-B02C-136BAA903546}.Release|Any CPU.ActiveCfg = Release|Any CPU
		{36BB1DDD-7C8F-4182-B02C-136BAA903546}.Release|Any CPU.Build.0 = Release|Any CPU
		{10C2714B-2B17-498C-929C-C8B75B163BD6}.Debug|Any CPU.ActiveCfg = Debug|Any CPU
		{10C2714B-2B17-498C-929C-C8B75B163BD6}.Debug|Any CPU.Build.0 = Debug|Any CPU
		{10C2714B-2B17-498C-929C-C8B75B163BD6}.Release|Any CPU.ActiveCfg = Release|Any CPU
		{10C2714B-2B17-498C-929C-C8B75B163BD6}.Release|Any CPU.Build.0 = Release|Any CPU
		{3D87FFD1-4EA0-424F-98EF-91D40921B0AD}.Debug|Any CPU.ActiveCfg = Debug|Any CPU
		{3D87FFD1-4EA0-424F-98EF-91D40921B0AD}.Debug|Any CPU.Build.0 = Debug|Any CPU
		{3D87FFD1-4EA0-424F-98EF-91D40921B0AD}.Release|Any CPU.ActiveCfg = Release|Any CPU
		{3D87FFD1-4EA0-424F-98EF-91D40921B0AD}.Release|Any CPU.Build.0 = Release|Any CPU
		{6825F52D-8BDF-4965-9D78-23A8BC77A2C4}.Debug|Any CPU.ActiveCfg = Debug|Any CPU
		{6825F52D-8BDF-4965-9D78-23A8BC77A2C4}.Debug|Any CPU.Build.0 = Debug|Any CPU
		{6825F52D-8BDF-4965-9D78-23A8BC77A2C4}.Release|Any CPU.ActiveCfg = Release|Any CPU
		{6825F52D-8BDF-4965-9D78-23A8BC77A2C4}.Release|Any CPU.Build.0 = Release|Any CPU
		{2E58C467-9100-49D1-978C-B40B9877A055}.Debug|Any CPU.ActiveCfg = Debug|Any CPU
		{2E58C467-9100-49D1-978C-B40B9877A055}.Debug|Any CPU.Build.0 = Debug|Any CPU
		{2E58C467-9100-49D1-978C-B40B9877A055}.Release|Any CPU.ActiveCfg = Release|Any CPU
		{2E58C467-9100-49D1-978C-B40B9877A055}.Release|Any CPU.Build.0 = Release|Any CPU
		{5285C5C1-0F85-4B16-BFF8-8B8CCF6EF649}.Debug|Any CPU.ActiveCfg = Debug|Any CPU
		{5285C5C1-0F85-4B16-BFF8-8B8CCF6EF649}.Debug|Any CPU.Build.0 = Debug|Any CPU
		{5285C5C1-0F85-4B16-BFF8-8B8CCF6EF649}.Release|Any CPU.ActiveCfg = Release|Any CPU
		{5285C5C1-0F85-4B16-BFF8-8B8CCF6EF649}.Release|Any CPU.Build.0 = Release|Any CPU
		{A104B15E-514C-4A3A-843F-3EBE30AE3104}.Debug|Any CPU.ActiveCfg = Debug|Any CPU
		{A104B15E-514C-4A3A-843F-3EBE30AE3104}.Debug|Any CPU.Build.0 = Debug|Any CPU
		{A104B15E-514C-4A3A-843F-3EBE30AE3104}.Release|Any CPU.ActiveCfg = Release|Any CPU
		{A104B15E-514C-4A3A-843F-3EBE30AE3104}.Release|Any CPU.Build.0 = Release|Any CPU
		{DA0C3263-6E62-4182-AE4C-23E6DEAC637C}.Debug|Any CPU.ActiveCfg = Debug|Any CPU
		{DA0C3263-6E62-4182-AE4C-23E6DEAC637C}.Debug|Any CPU.Build.0 = Debug|Any CPU
		{DA0C3263-6E62-4182-AE4C-23E6DEAC637C}.Release|Any CPU.ActiveCfg = Release|Any CPU
		{DA0C3263-6E62-4182-AE4C-23E6DEAC637C}.Release|Any CPU.Build.0 = Release|Any CPU
		{B741269F-8246-452B-929A-265C0A24211E}.Debug|Any CPU.ActiveCfg = Debug|Any CPU
		{B741269F-8246-452B-929A-265C0A24211E}.Debug|Any CPU.Build.0 = Debug|Any CPU
		{B741269F-8246-452B-929A-265C0A24211E}.Release|Any CPU.ActiveCfg = Release|Any CPU
		{B741269F-8246-452B-929A-265C0A24211E}.Release|Any CPU.Build.0 = Release|Any CPU
		{6D180F23-8305-4CB5-B739-7A8E6B01B0DB}.Debug|Any CPU.ActiveCfg = Debug|Any CPU
		{6D180F23-8305-4CB5-B739-7A8E6B01B0DB}.Debug|Any CPU.Build.0 = Debug|Any CPU
		{6D180F23-8305-4CB5-B739-7A8E6B01B0DB}.Release|Any CPU.ActiveCfg = Release|Any CPU
		{6D180F23-8305-4CB5-B739-7A8E6B01B0DB}.Release|Any CPU.Build.0 = Release|Any CPU
	EndGlobalSection
	GlobalSection(SolutionProperties) = preSolution
		HideSolutionNode = FALSE
	EndGlobalSection
	GlobalSection(NestedProjects) = preSolution
		{3B0322FA-DD5D-4D80-B87A-39B73657ADC5} = {895577AA-0905-4DA5-AAD2-9164FDA897AB}
		{F3392B36-870A-41F3-AFFA-CF3B5495ADFA} = {895577AA-0905-4DA5-AAD2-9164FDA897AB}
		{8133F19B-6DEF-458C-92B1-409D5D98AFDB} = {895577AA-0905-4DA5-AAD2-9164FDA897AB}
		{3DE6F70C-68CC-4616-A20B-57BEAB5BB877} = {895577AA-0905-4DA5-AAD2-9164FDA897AB}
		{982D4EA0-BBFF-44C0-9C53-CB49CF0B87AB} = {895577AA-0905-4DA5-AAD2-9164FDA897AB}
		{8E48EBDA-1E4F-4A53-937B-638CC308A056} = {895577AA-0905-4DA5-AAD2-9164FDA897AB}
		{604A6828-6D09-4603-A61D-82D51896B6BE} = {9EEE9AF8-B83D-4C25-B648-8C23FC1E2CFB}
		{E669336C-7B6C-4B3A-8536-CCB084068C9F} = {3B0322FA-DD5D-4D80-B87A-39B73657ADC5}
		{A82F25B3-FB9B-4298-BFC0-F9EB2EF02780} = {F3392B36-870A-41F3-AFFA-CF3B5495ADFA}
		{D01CF968-DE9C-41F3-911F-2EFA60A86522} = {F3392B36-870A-41F3-AFFA-CF3B5495ADFA}
		{36BB1DDD-7C8F-4182-B02C-136BAA903546} = {F3392B36-870A-41F3-AFFA-CF3B5495ADFA}
		{10C2714B-2B17-498C-929C-C8B75B163BD6} = {F3392B36-870A-41F3-AFFA-CF3B5495ADFA}
		{3D87FFD1-4EA0-424F-98EF-91D40921B0AD} = {8133F19B-6DEF-458C-92B1-409D5D98AFDB}
		{5285C5C1-0F85-4B16-BFF8-8B8CCF6EF649} = {8133F19B-6DEF-458C-92B1-409D5D98AFDB}
		{A104B15E-514C-4A3A-843F-3EBE30AE3104} = {3DE6F70C-68CC-4616-A20B-57BEAB5BB877}
		{DA0C3263-6E62-4182-AE4C-23E6DEAC637C} = {3DE6F70C-68CC-4616-A20B-57BEAB5BB877}
		{6825F52D-8BDF-4965-9D78-23A8BC77A2C4} = {982D4EA0-BBFF-44C0-9C53-CB49CF0B87AB}
		{2E58C467-9100-49D1-978C-B40B9877A055} = {604A6828-6D09-4603-A61D-82D51896B6BE}
		{6D180F23-8305-4CB5-B739-7A8E6B01B0DB} = {604A6828-6D09-4603-A61D-82D51896B6BE}
		{B741269F-8246-452B-929A-265C0A24211E} = {8E48EBDA-1E4F-4A53-937B-638CC308A056}
	EndGlobalSection
EndGlobal
